
Microsoft Visual Studio Solution File, Format Version 12.00
# Visual Studio 14
VisualStudioVersion = 14.0.25420.1
MinimumVisualStudioVersion = 10.0.40219.1
Project("{2150E333-8FDC-42A3-9474-1A3956D46DE8}") = "博客", "博客", "{470E48D7-E66B-400F-B984-8210BA17644E}"
EndProject
Project("{FAE04EC0-301F-11D3-BF4B-00C04F79EFBC}") = "MyBlog.Service.Interface", "RA.MyBlog\RA.MyBlog.Service.Interface\MyBlog.Service.Interface.csproj", "{FA437E48-C793-4A7B-AC01-7E95564B0F17}"
EndProject
Project("{FAE04EC0-301F-11D3-BF4B-00C04F79EFBC}") = "MyBlog.Service.Impl", "RA.MyBlog\RA.MyBlog.Service.Impl\MyBlog.Service.Impl.csproj", "{EA32A9F9-85C4-40AA-90FB-CF90FB678BAD}"
EndProject
Project("{FAE04EC0-301F-11D3-BF4B-00C04F79EFBC}") = "MyBlog.DTO", "RA.MyBlog\RA.MyBlog.DTO\MyBlog.DTO.csproj", "{436FAC5E-3D3B-41E0-B7E5-D8944687DF2C}"
EndProject
Project("{FAE04EC0-301F-11D3-BF4B-00C04F79EFBC}") = "MyBlog.Entity", "RA.MyBlog\RA.MyBlog.Entity\MyBlog.Entity.csproj", "{654FC004-5684-48B9-94DD-12A2620C9A4D}"
EndProject
Project("{2150E333-8FDC-42A3-9474-1A3956D46DE8}") = "1.基础层", "1.基础层", "{E86C4456-AF37-4AFB-92DB-72FF2034C312}"
EndProject
Project("{2150E333-8FDC-42A3-9474-1A3956D46DE8}") = "2.服务层", "2.服务层", "{6C127CA2-9736-4AA5-B8D6-07556EA13176}"
EndProject
Project("{FAE04EC0-301F-11D3-BF4B-00C04F79EFBC}") = "Framework", "RA.Framework\Framework.csproj", "{DC234F1F-6865-4C11-BA80-A9FA4E274FA9}"
EndProject
Project("{FAE04EC0-301F-11D3-BF4B-00C04F79EFBC}") = "Project", "RA.Project\Project.csproj", "{B112B1D3-AF59-4448-8473-30D2673C5B00}"
EndProject
Project("{2150E333-8FDC-42A3-9474-1A3956D46DE8}") = "通用", "通用", "{7D857A4E-3E1B-4752-93EA-499B46920394}"
EndProject
Project("{FAE04EC0-301F-11D3-BF4B-00C04F79EFBC}") = "Cooperation.DTO", "RA.Cooperation\RA.Cooperation.DTO\Cooperation.DTO.csproj", "{67A24A7B-1424-4EB6-AEBC-7EFB5440C69A}"
EndProject
Project("{FAE04EC0-301F-11D3-BF4B-00C04F79EFBC}") = "Cooperation.Entity", "RA.Cooperation\RA.Cooperation.Entity\Cooperation.Entity.csproj", "{3A5FF36D-F075-4E65-B39C-58D4F8A82685}"
EndProject
Project("{FAE04EC0-301F-11D3-BF4B-00C04F79EFBC}") = "Cooperation.Service.Impl", "RA.Cooperation\RA.Cooperation.Service.Impl\Cooperation.Service.Impl.csproj", "{B09E7385-7E08-413E-803A-E018561FA00F}"
EndProject
Project("{FAE04EC0-301F-11D3-BF4B-00C04F79EFBC}") = "Cooperation.Service.Interface", "RA.Cooperation\RA.Cooperation.Service.Interface\Cooperation.Service.Interface.csproj", "{88932CC9-E80E-4BBE-A67A-E087E5CF2B67}"
EndProject
Project("{2150E333-8FDC-42A3-9474-1A3956D46DE8}") = "3.数据访问层", "3.数据访问层", "{5F708605-BB65-49F2-9AE7-0464E03EF1A2}"
EndProject
Project("{FAE04EC0-301F-11D3-BF4B-00C04F79EFBC}") = "DataAccess", "RA.DataAccess\DataAccess.csproj", "{A5BFB613-3487-4BBF-93F4-625912BE6ADD}"
EndProject
Project("{FAE04EC0-301F-11D3-BF4B-00C04F79EFBC}") = "MyBlog.Web", "RA.MyBlog\RA.MyBlog.Web\MyBlog.Web.csproj", "{E05E8A2D-E915-4F71-A95B-59C350EC578E}"
EndProject
Project("{FAE04EC0-301F-11D3-BF4B-00C04F79EFBC}") = "Cooperation.Web", "RA.Cooperation\RA.Cooperation.Web\Cooperation.Web.csproj", "{F53C9804-C647-4877-A4E1-3A51EFBF5356}"
EndProject
Project("{FAE04EC0-301F-11D3-BF4B-00C04F79EFBC}") = "Common", "RA.Common\Common.csproj", "{40B63651-BC3E-4DAC-AA33-185DFFE64EDC}"
EndProject
Project("{2150E333-8FDC-42A3-9474-1A3956D46DE8}") = "Solution Items", "Solution Items", "{7305A25B-840E-4DDF-B0C0-342C1CD28215}"
	ProjectSection(SolutionItems) = preProject
		.gitignore = .gitignore
	EndProjectSection
EndProject
Project("{2150E333-8FDC-42A3-9474-1A3956D46DE8}") = "RESTful", "RESTful", "{C2524AE0-17FF-453C-B146-C30BEF902089}"
EndProject
Project("{FAE04EC0-301F-11D3-BF4B-00C04F79EFBC}") = "RESTfulApi", "RESTfulApi\RESTfulApi.csproj", "{A28B5166-697E-4454-A66F-C063D71EA57E}"
EndProject
Global
	GlobalSection(SolutionConfigurationPlatforms) = preSolution
		Debug|Any CPU = Debug|Any CPU
		Release|Any CPU = Release|Any CPU
	EndGlobalSection
	GlobalSection(ProjectConfigurationPlatforms) = postSolution
		{FA437E48-C793-4A7B-AC01-7E95564B0F17}.Debug|Any CPU.ActiveCfg = Debug|Any CPU
		{FA437E48-C793-4A7B-AC01-7E95564B0F17}.Debug|Any CPU.Build.0 = Debug|Any CPU
		{FA437E48-C793-4A7B-AC01-7E95564B0F17}.Release|Any CPU.ActiveCfg = Release|Any CPU
		{FA437E48-C793-4A7B-AC01-7E95564B0F17}.Release|Any CPU.Build.0 = Release|Any CPU
		{EA32A9F9-85C4-40AA-90FB-CF90FB678BAD}.Debug|Any CPU.ActiveCfg = Debug|Any CPU
		{EA32A9F9-85C4-40AA-90FB-CF90FB678BAD}.Debug|Any CPU.Build.0 = Debug|Any CPU
		{EA32A9F9-85C4-40AA-90FB-CF90FB678BAD}.Release|Any CPU.ActiveCfg = Release|Any CPU
		{EA32A9F9-85C4-40AA-90FB-CF90FB678BAD}.Release|Any CPU.Build.0 = Release|Any CPU
		{436FAC5E-3D3B-41E0-B7E5-D8944687DF2C}.Debug|Any CPU.ActiveCfg = Debug|Any CPU
		{436FAC5E-3D3B-41E0-B7E5-D8944687DF2C}.Debug|Any CPU.Build.0 = Debug|Any CPU
		{436FAC5E-3D3B-41E0-B7E5-D8944687DF2C}.Release|Any CPU.ActiveCfg = Release|Any CPU
		{436FAC5E-3D3B-41E0-B7E5-D8944687DF2C}.Release|Any CPU.Build.0 = Release|Any CPU
		{654FC004-5684-48B9-94DD-12A2620C9A4D}.Debug|Any CPU.ActiveCfg = Debug|Any CPU
		{654FC004-5684-48B9-94DD-12A2620C9A4D}.Debug|Any CPU.Build.0 = Debug|Any CPU
		{654FC004-5684-48B9-94DD-12A2620C9A4D}.Release|Any CPU.ActiveCfg = Release|Any CPU
		{654FC004-5684-48B9-94DD-12A2620C9A4D}.Release|Any CPU.Build.0 = Release|Any CPU
		{DC234F1F-6865-4C11-BA80-A9FA4E274FA9}.Debug|Any CPU.ActiveCfg = Debug|Any CPU
		{DC234F1F-6865-4C11-BA80-A9FA4E274FA9}.Debug|Any CPU.Build.0 = Debug|Any CPU
		{DC234F1F-6865-4C11-BA80-A9FA4E274FA9}.Release|Any CPU.ActiveCfg = Release|Any CPU
		{DC234F1F-6865-4C11-BA80-A9FA4E274FA9}.Release|Any CPU.Build.0 = Release|Any CPU
		{B112B1D3-AF59-4448-8473-30D2673C5B00}.Debug|Any CPU.ActiveCfg = Debug|Any CPU
		{B112B1D3-AF59-4448-8473-30D2673C5B00}.Debug|Any CPU.Build.0 = Debug|Any CPU
		{B112B1D3-AF59-4448-8473-30D2673C5B00}.Release|Any CPU.ActiveCfg = Release|Any CPU
		{B112B1D3-AF59-4448-8473-30D2673C5B00}.Release|Any CPU.Build.0 = Release|Any CPU
		{67A24A7B-1424-4EB6-AEBC-7EFB5440C69A}.Debug|Any CPU.ActiveCfg = Debug|Any CPU
		{67A24A7B-1424-4EB6-AEBC-7EFB5440C69A}.Debug|Any CPU.Build.0 = Debug|Any CPU
		{67A24A7B-1424-4EB6-AEBC-7EFB5440C69A}.Release|Any CPU.ActiveCfg = Release|Any CPU
		{67A24A7B-1424-4EB6-AEBC-7EFB5440C69A}.Release|Any CPU.Build.0 = Release|Any CPU
		{3A5FF36D-F075-4E65-B39C-58D4F8A82685}.Debug|Any CPU.ActiveCfg = Debug|Any CPU
		{3A5FF36D-F075-4E65-B39C-58D4F8A82685}.Debug|Any CPU.Build.0 = Debug|Any CPU
		{3A5FF36D-F075-4E65-B39C-58D4F8A82685}.Release|Any CPU.ActiveCfg = Release|Any CPU
		{3A5FF36D-F075-4E65-B39C-58D4F8A82685}.Release|Any CPU.Build.0 = Release|Any CPU
		{B09E7385-7E08-413E-803A-E018561FA00F}.Debug|Any CPU.ActiveCfg = Debug|Any CPU
		{B09E7385-7E08-413E-803A-E018561FA00F}.Debug|Any CPU.Build.0 = Debug|Any CPU
		{B09E7385-7E08-413E-803A-E018561FA00F}.Release|Any CPU.ActiveCfg = Release|Any CPU
		{B09E7385-7E08-413E-803A-E018561FA00F}.Release|Any CPU.Build.0 = Release|Any CPU
		{88932CC9-E80E-4BBE-A67A-E087E5CF2B67}.Debug|Any CPU.ActiveCfg = Debug|Any CPU
		{88932CC9-E80E-4BBE-A67A-E087E5CF2B67}.Debug|Any CPU.Build.0 = Debug|Any CPU
		{88932CC9-E80E-4BBE-A67A-E087E5CF2B67}.Release|Any CPU.ActiveCfg = Release|Any CPU
		{88932CC9-E80E-4BBE-A67A-E087E5CF2B67}.Release|Any CPU.Build.0 = Release|Any CPU
		{A5BFB613-3487-4BBF-93F4-625912BE6ADD}.Debug|Any CPU.ActiveCfg = Debug|Any CPU
		{A5BFB613-3487-4BBF-93F4-625912BE6ADD}.Debug|Any CPU.Build.0 = Debug|Any CPU
		{A5BFB613-3487-4BBF-93F4-625912BE6ADD}.Release|Any CPU.ActiveCfg = Release|Any CPU
		{A5BFB613-3487-4BBF-93F4-625912BE6ADD}.Release|Any CPU.Build.0 = Release|Any CPU
		{E05E8A2D-E915-4F71-A95B-59C350EC578E}.Debug|Any CPU.ActiveCfg = Debug|Any CPU
		{E05E8A2D-E915-4F71-A95B-59C350EC578E}.Debug|Any CPU.Build.0 = Debug|Any CPU
		{E05E8A2D-E915-4F71-A95B-59C350EC578E}.Release|Any CPU.ActiveCfg = Release|Any CPU
		{E05E8A2D-E915-4F71-A95B-59C350EC578E}.Release|Any CPU.Build.0 = Release|Any CPU
		{F53C9804-C647-4877-A4E1-3A51EFBF5356}.Debug|Any CPU.ActiveCfg = Debug|Any CPU
		{F53C9804-C647-4877-A4E1-3A51EFBF5356}.Debug|Any CPU.Build.0 = Debug|Any CPU
		{F53C9804-C647-4877-A4E1-3A51EFBF5356}.Release|Any CPU.ActiveCfg = Release|Any CPU
		{F53C9804-C647-4877-A4E1-3A51EFBF5356}.Release|Any CPU.Build.0 = Release|Any CPU
		{40B63651-BC3E-4DAC-AA33-185DFFE64EDC}.Debug|Any CPU.ActiveCfg = Debug|Any CPU
		{40B63651-BC3E-4DAC-AA33-185DFFE64EDC}.Debug|Any CPU.Build.0 = Debug|Any CPU
		{40B63651-BC3E-4DAC-AA33-185DFFE64EDC}.Release|Any CPU.ActiveCfg = Release|Any CPU
		{40B63651-BC3E-4DAC-AA33-185DFFE64EDC}.Release|Any CPU.Build.0 = Release|Any CPU
		{A28B5166-697E-4454-A66F-C063D71EA57E}.Debug|Any CPU.ActiveCfg = Debug|Any CPU
		{A28B5166-697E-4454-A66F-C063D71EA57E}.Debug|Any CPU.Build.0 = Debug|Any CPU
		{A28B5166-697E-4454-A66F-C063D71EA57E}.Release|Any CPU.ActiveCfg = Release|Any CPU
		{A28B5166-697E-4454-A66F-C063D71EA57E}.Release|Any CPU.Build.0 = Release|Any CPU
	EndGlobalSection
	GlobalSection(SolutionProperties) = preSolution
		HideSolutionNode = FALSE
	EndGlobalSection
	GlobalSection(NestedProjects) = preSolution
		{470E48D7-E66B-400F-B984-8210BA17644E} = {6C127CA2-9736-4AA5-B8D6-07556EA13176}
		{FA437E48-C793-4A7B-AC01-7E95564B0F17} = {470E48D7-E66B-400F-B984-8210BA17644E}
		{EA32A9F9-85C4-40AA-90FB-CF90FB678BAD} = {470E48D7-E66B-400F-B984-8210BA17644E}
		{436FAC5E-3D3B-41E0-B7E5-D8944687DF2C} = {470E48D7-E66B-400F-B984-8210BA17644E}
		{654FC004-5684-48B9-94DD-12A2620C9A4D} = {470E48D7-E66B-400F-B984-8210BA17644E}
		{DC234F1F-6865-4C11-BA80-A9FA4E274FA9} = {E86C4456-AF37-4AFB-92DB-72FF2034C312}
		{B112B1D3-AF59-4448-8473-30D2673C5B00} = {6C127CA2-9736-4AA5-B8D6-07556EA13176}
		{7D857A4E-3E1B-4752-93EA-499B46920394} = {6C127CA2-9736-4AA5-B8D6-07556EA13176}
		{67A24A7B-1424-4EB6-AEBC-7EFB5440C69A} = {7D857A4E-3E1B-4752-93EA-499B46920394}
		{3A5FF36D-F075-4E65-B39C-58D4F8A82685} = {7D857A4E-3E1B-4752-93EA-499B46920394}
		{B09E7385-7E08-413E-803A-E018561FA00F} = {7D857A4E-3E1B-4752-93EA-499B46920394}
		{88932CC9-E80E-4BBE-A67A-E087E5CF2B67} = {7D857A4E-3E1B-4752-93EA-499B46920394}
		{A5BFB613-3487-4BBF-93F4-625912BE6ADD} = {5F708605-BB65-49F2-9AE7-0464E03EF1A2}
		{E05E8A2D-E915-4F71-A95B-59C350EC578E} = {470E48D7-E66B-400F-B984-8210BA17644E}
		{F53C9804-C647-4877-A4E1-3A51EFBF5356} = {7D857A4E-3E1B-4752-93EA-499B46920394}
		{40B63651-BC3E-4DAC-AA33-185DFFE64EDC} = {E86C4456-AF37-4AFB-92DB-72FF2034C312}
		{C2524AE0-17FF-453C-B146-C30BEF902089} = {6C127CA2-9736-4AA5-B8D6-07556EA13176}
		{A28B5166-697E-4454-A66F-C063D71EA57E} = {C2524AE0-17FF-453C-B146-C30BEF902089}
	EndGlobalSection
EndGlobal
